
Microsoft Visual Studio Solution File, Format Version 12.00
# Visual Studio Version 16
VisualStudioVersion = 16.0.31019.35
MinimumVisualStudioVersion = 10.0.40219.1
Project("{9A19103F-16F7-4668-BE54-9A1E7A4F7556}") = "GenmCloud", "GenmCloud\GenmCloud.csproj", "{DCAD7AFC-FCC7-42DA-8CD2-554FA56551E6}"
EndProject
Project("{9A19103F-16F7-4668-BE54-9A1E7A4F7556}") = "GenmCloud.Chat", "GenmCloud.Chat\GenmCloud.Chat.csproj", "{AB787680-D56F-4DC1-BFE5-58F842AC026F}"
EndProject
Project("{9A19103F-16F7-4668-BE54-9A1E7A4F7556}") = "GenmCloud.ApiService", "GenmCloud.ApiService\GenmCloud.ApiService.csproj", "{BAFC7386-8FB1-4802-BE83-14988EBE1232}"
EndProject
Project("{9A19103F-16F7-4668-BE54-9A1E7A4F7556}") = "GenmCloud.Shared", "GenmCloud.Shared\GenmCloud.Shared.csproj", "{CA29CCEA-D63D-4835-B8B3-3382D2069000}"
EndProject
Project("{2150E333-8FDC-42A3-9474-1A3956D46DE8}") = "Modules", "Modules", "{5B5A9D7F-6E84-41CE-92B2-F133392586AD}"
EndProject
Project("{2150E333-8FDC-42A3-9474-1A3956D46DE8}") = "Genm", "Genm", "{125A03CF-FAE7-44EF-B147-C1DB0E4A5789}"
EndProject
Project("{9A19103F-16F7-4668-BE54-9A1E7A4F7556}") = "Genm.WPF", "Genm.WPF\Genm.WPF.csproj", "{82CDAC5F-0993-42FA-86BF-05EA7A718CD2}"
EndProject
Project("{9A19103F-16F7-4668-BE54-9A1E7A4F7556}") = "GenmCloud.Core", "GenmCloud.Core\GenmCloud.Core.csproj", "{71B61872-47AB-4164-AFFE-6428394F57A1}"
EndProject
Project("{9A19103F-16F7-4668-BE54-9A1E7A4F7556}") = "GenmCloud.Storage", "GenmCloud.Storage\GenmCloud.Storage.csproj", "{AECF8F3C-EE0C-431C-B7F5-A95A74E0A75D}"
EndProject
Project("{9A19103F-16F7-4668-BE54-9A1E7A4F7556}") = "GenmCloud.Contact", "GenmCloud.Contact\GenmCloud.Contact.csproj", "{8780F012-E384-474E-8203-D95CFFDB72AC}"
EndProject
Project("{9A19103F-16F7-4668-BE54-9A1E7A4F7556}") = "GenmCloud.Test", "GenmCloud.Test\GenmCloud.Test.csproj", "{D5CF7ED3-9FA8-4C21-BE3B-3DCE2736E539}"
EndProject
Project("{2150E333-8FDC-42A3-9474-1A3956D46DE8}") = "Test", "Test", "{D158D220-E1E5-44A7-BDE5-C1495E9ED823}"
EndProject
Project("{9A19103F-16F7-4668-BE54-9A1E7A4F7556}") = "ApiServiceTestProject", "ApiServiceTestProject\ApiServiceTestProject.csproj", "{F3A75871-E67A-4BA4-ADFB-C04DF3431DBC}"
EndProject
Project("{FAE04EC0-301F-11D3-BF4B-00C04F79EFBC}") = "UsageTestProject", "UsageTestProject\UsageTestProject.csproj", "{F67C5B69-E449-463D-8A26-2922F0D7F8CB}"
	ProjectSection(ProjectDependencies) = postProject
		{BAFC7386-8FB1-4802-BE83-14988EBE1232} = {BAFC7386-8FB1-4802-BE83-14988EBE1232}
	EndProjectSection
EndProject
Global
	GlobalSection(SolutionConfigurationPlatforms) = preSolution
		Debug|Any CPU = Debug|Any CPU
		Release|Any CPU = Release|Any CPU
	EndGlobalSection
	GlobalSection(ProjectConfigurationPlatforms) = postSolution
		{DCAD7AFC-FCC7-42DA-8CD2-554FA56551E6}.Debug|Any CPU.ActiveCfg = Debug|Any CPU
		{DCAD7AFC-FCC7-42DA-8CD2-554FA56551E6}.Debug|Any CPU.Build.0 = Debug|Any CPU
		{DCAD7AFC-FCC7-42DA-8CD2-554FA56551E6}.Release|Any CPU.ActiveCfg = Release|Any CPU
		{DCAD7AFC-FCC7-42DA-8CD2-554FA56551E6}.Release|Any CPU.Build.0 = Release|Any CPU
		{AB787680-D56F-4DC1-BFE5-58F842AC026F}.Debug|Any CPU.ActiveCfg = Debug|Any CPU
		{AB787680-D56F-4DC1-BFE5-58F842AC026F}.Debug|Any CPU.Build.0 = Debug|Any CPU
		{AB787680-D56F-4DC1-BFE5-58F842AC026F}.Release|Any CPU.ActiveCfg = Release|Any CPU
		{AB787680-D56F-4DC1-BFE5-58F842AC026F}.Release|Any CPU.Build.0 = Release|Any CPU
		{BAFC7386-8FB1-4802-BE83-14988EBE1232}.Debug|Any CPU.ActiveCfg = Debug|Any CPU
		{BAFC7386-8FB1-4802-BE83-14988EBE1232}.Debug|Any CPU.Build.0 = Debug|Any CPU
		{BAFC7386-8FB1-4802-BE83-14988EBE1232}.Release|Any CPU.ActiveCfg = Release|Any CPU
		{BAFC7386-8FB1-4802-BE83-14988EBE1232}.Release|Any CPU.Build.0 = Release|Any CPU
		{CA29CCEA-D63D-4835-B8B3-3382D2069000}.Debug|Any CPU.ActiveCfg = Debug|Any CPU
		{CA29CCEA-D63D-4835-B8B3-3382D2069000}.Debug|Any CPU.Build.0 = Debug|Any CPU
		{CA29CCEA-D63D-4835-B8B3-3382D2069000}.Release|Any CPU.ActiveCfg = Release|Any CPU
		{CA29CCEA-D63D-4835-B8B3-3382D2069000}.Release|Any CPU.Build.0 = Release|Any CPU
		{82CDAC5F-0993-42FA-86BF-05EA7A718CD2}.Debug|Any CPU.ActiveCfg = Debug|Any CPU
		{82CDAC5F-0993-42FA-86BF-05EA7A718CD2}.Debug|Any CPU.Build.0 = Debug|Any CPU
		{82CDAC5F-0993-42FA-86BF-05EA7A718CD2}.Release|Any CPU.ActiveCfg = Release|Any CPU
		{82CDAC5F-0993-42FA-86BF-05EA7A718CD2}.Release|Any CPU.Build.0 = Release|Any CPU
		{71B61872-47AB-4164-AFFE-6428394F57A1}.Debug|Any CPU.ActiveCfg = Debug|Any CPU
		{71B61872-47AB-4164-AFFE-6428394F57A1}.Debug|Any CPU.Build.0 = Debug|Any CPU
		{71B61872-47AB-4164-AFFE-6428394F57A1}.Release|Any CPU.ActiveCfg = Release|Any CPU
		{71B61872-47AB-4164-AFFE-6428394F57A1}.Release|Any CPU.Build.0 = Release|Any CPU
		{AECF8F3C-EE0C-431C-B7F5-A95A74E0A75D}.Debug|Any CPU.ActiveCfg = Debug|Any CPU
		{AECF8F3C-EE0C-431C-B7F5-A95A74E0A75D}.Debug|Any CPU.Build.0 = Debug|Any CPU
		{AECF8F3C-EE0C-431C-B7F5-A95A74E0A75D}.Release|Any CPU.ActiveCfg = Release|Any CPU
		{AECF8F3C-EE0C-431C-B7F5-A95A74E0A75D}.Release|Any CPU.Build.0 = Release|Any CPU
		{8780F012-E384-474E-8203-D95CFFDB72AC}.Debug|Any CPU.ActiveCfg = Debug|Any CPU
		{8780F012-E384-474E-8203-D95CFFDB72AC}.Debug|Any CPU.Build.0 = Debug|Any CPU
		{8780F012-E384-474E-8203-D95CFFDB72AC}.Release|Any CPU.ActiveCfg = Release|Any CPU
		{8780F012-E384-474E-8203-D95CFFDB72AC}.Release|Any CPU.Build.0 = Release|Any CPU
		{D5CF7ED3-9FA8-4C21-BE3B-3DCE2736E539}.Debug|Any CPU.ActiveCfg = Debug|Any CPU
		{D5CF7ED3-9FA8-4C21-BE3B-3DCE2736E539}.Debug|Any CPU.Build.0 = Debug|Any CPU
		{D5CF7ED3-9FA8-4C21-BE3B-3DCE2736E539}.Release|Any CPU.ActiveCfg = Release|Any CPU
		{D5CF7ED3-9FA8-4C21-BE3B-3DCE2736E539}.Release|Any CPU.Build.0 = Release|Any CPU
		{F3A75871-E67A-4BA4-ADFB-C04DF3431DBC}.Debug|Any CPU.ActiveCfg = Debug|Any CPU
		{F3A75871-E67A-4BA4-ADFB-C04DF3431DBC}.Debug|Any CPU.Build.0 = Debug|Any CPU
		{F3A75871-E67A-4BA4-ADFB-C04DF3431DBC}.Release|Any CPU.ActiveCfg = Release|Any CPU
		{F3A75871-E67A-4BA4-ADFB-C04DF3431DBC}.Release|Any CPU.Build.0 = Release|Any CPU
		{F67C5B69-E449-463D-8A26-2922F0D7F8CB}.Debug|Any CPU.ActiveCfg = Debug|Any CPU
		{F67C5B69-E449-463D-8A26-2922F0D7F8CB}.Debug|Any CPU.Build.0 = Debug|Any CPU
		{F67C5B69-E449-463D-8A26-2922F0D7F8CB}.Release|Any CPU.ActiveCfg = Release|Any CPU
		{F67C5B69-E449-463D-8A26-2922F0D7F8CB}.Release|Any CPU.Build.0 = Release|Any CPU
	EndGlobalSection
	GlobalSection(SolutionProperties) = preSolution
		HideSolutionNode = FALSE
	EndGlobalSection
	GlobalSection(NestedProjects) = preSolution
		{AB787680-D56F-4DC1-BFE5-58F842AC026F} = {5B5A9D7F-6E84-41CE-92B2-F133392586AD}
		{82CDAC5F-0993-42FA-86BF-05EA7A718CD2} = {125A03CF-FAE7-44EF-B147-C1DB0E4A5789}
		{AECF8F3C-EE0C-431C-B7F5-A95A74E0A75D} = {5B5A9D7F-6E84-41CE-92B2-F133392586AD}
		{8780F012-E384-474E-8203-D95CFFDB72AC} = {5B5A9D7F-6E84-41CE-92B2-F133392586AD}
		{D5CF7ED3-9FA8-4C21-BE3B-3DCE2736E539} = {5B5A9D7F-6E84-41CE-92B2-F133392586AD}
		{F3A75871-E67A-4BA4-ADFB-C04DF3431DBC} = {D158D220-E1E5-44A7-BDE5-C1495E9ED823}
		{F67C5B69-E449-463D-8A26-2922F0D7F8CB} = {D158D220-E1E5-44A7-BDE5-C1495E9ED823}
	EndGlobalSection
	GlobalSection(ExtensibilityGlobals) = postSolution
		SolutionGuid = {CB502FFB-66F1-4BA8-BB38-E754156FF50F}
	EndGlobalSection
EndGlobal
